
Microsoft Visual Studio Solution File, Format Version 12.00
# Visual Studio Version 16
VisualStudioVersion = 16.0.31729.503
MinimumVisualStudioVersion = 10.0.40219.1
Project("{9A19103F-16F7-4668-BE54-9A1E7A4F7556}") = "emv-qrcps", "emv-qrcps.csproj", "{866E85AA-E678-44D8-80D1-4AE45881A6CE}"
EndProject
Project("{FAE04EC0-301F-11D3-BF4B-00C04F79EFBC}") = "GeradorPIX", "..\GeradorPIX\GeradorPIX.csproj", "{9CD84BF1-1CAD-4EA2-8F52-59F268797D0A}"
EndProject
Project("{9A19103F-16F7-4668-BE54-9A1E7A4F7556}") = "emv-qrcps_tests", "..\emv-qrcps_tests\emv-qrcps_tests.csproj", "{81239732-F249-4A6E-9FAA-32C3A8FE6D46}"
EndProject
Global
	GlobalSection(SolutionConfigurationPlatforms) = preSolution
		Debug|Any CPU = Debug|Any CPU
		Release|Any CPU = Release|Any CPU
	EndGlobalSection
	GlobalSection(ProjectConfigurationPlatforms) = postSolution
		{866E85AA-E678-44D8-80D1-4AE45881A6CE}.Debug|Any CPU.ActiveCfg = Debug|Any CPU
		{866E85AA-E678-44D8-80D1-4AE45881A6CE}.Debug|Any CPU.Build.0 = Debug|Any CPU
		{866E85AA-E678-44D8-80D1-4AE45881A6CE}.Release|Any CPU.ActiveCfg = Release|Any CPU
		{866E85AA-E678-44D8-80D1-4AE45881A6CE}.Release|Any CPU.Build.0 = Release|Any CPU
		{9CD84BF1-1CAD-4EA2-8F52-59F268797D0A}.Debug|Any CPU.ActiveCfg = Debug|Any CPU
		{9CD84BF1-1CAD-4EA2-8F52-59F268797D0A}.Debug|Any CPU.Build.0 = Debug|Any CPU
		{9CD84BF1-1CAD-4EA2-8F52-59F268797D0A}.Release|Any CPU.ActiveCfg = Release|Any CPU
		{9CD84BF1-1CAD-4EA2-8F52-59F268797D0A}.Release|Any CPU.Build.0 = Release|Any CPU
		{81239732-F249-4A6E-9FAA-32C3A8FE6D46}.Debug|Any CPU.ActiveCfg = Debug|Any CPU
		{81239732-F249-4A6E-9FAA-32C3A8FE6D46}.Debug|Any CPU.Build.0 = Debug|Any CPU
		{81239732-F249-4A6E-9FAA-32C3A8FE6D46}.Release|Any CPU.ActiveCfg = Release|Any CPU
		{81239732-F249-4A6E-9FAA-32C3A8FE6D46}.Release|Any CPU.Build.0 = Release|Any CPU
	EndGlobalSection
	GlobalSection(SolutionProperties) = preSolution
		HideSolutionNode = FALSE
	EndGlobalSection
	GlobalSection(ExtensibilityGlobals) = postSolution
		SolutionGuid = {E9F28A9F-FA73-4AF9-8B32-0391E29C71A2}
	EndGlobalSection
EndGlobal
